lockfileVersion: '9.0'

settings:
  autoInstallPeers: true
  excludeLinksFromLockfile: false

importers:

  .:
    devDependencies:
      '@biomejs/biome':
        specifier: ^2.4.15
        version: 2.5.1
      '@types/jest':
        specifier: ^30.0.0
        version: 30.0.0
      concurrently:
        specifier: ^9.1.2
        version: 9.2.3

packages:

  '@babel/code-frame@7.29.7':
    resolution: {integrity: sha512-Aup7aUOfpbAUg2ROOJN6Iw5f9DMBlzu0mIkm/malLQFN/YQgO48wCj0Kxa3sEHJvPVFg7siR+qRInwXd2qhQKw==}
    engines: {node: '>=6.9.0'}

  '@babel/helper-validator-identifier@7.29.7':
    resolution: {integrity: sha512-qehxGkRj55h/ff8EMaJ+cYhyaKlHIxqYDn682wQD7RNp9UujOQsHog2uS0r2vzr4pW+sXf90NeeayjcNaX3fFg==}
    engines: {node: '>=6.9.0'}

  '@biomejs/biome@2.5.1':
    resolution: {integrity: sha512-IXWLCxKmae+rI7LOHS1B3EbVisQ6GRAWbhN9msa6KjNCyFWrvKZWR4oUdinaNssrV852OrSHuSPa95h1GPJc7Q==}
    engines: {node: '>=14.21.3'}
    hasBin: true

  '@biomejs/cli-darwin-arm64@2.5.1':
    resolution: {integrity: sha512-npqDzvqv7vFaWRiNN1Te71siRgPaqS9MpqgYCdP/CrUbkJ7ApezaeaKjueKHRN/JH/6lRjJQAHi8acQDCAz22w==}
    engines: {node: '>=14.21.3'}
    cpu: [arm64]
    os: [darwin]

  '@biomejs/cli-darwin-x64@2.5.1':
    resolution: {integrity: sha512-RgwTqPAM8g2tn1j+b5oRjF/DbSBX8a4gwojtuG9XuhfK7GgomvZ9+T+tqjXiVbjLEeGJOoL6VEk8mvRTVeSybw==}
    engines: {node: '>=14.21.3'}
    cpu: [x64]
    os: [darwin]

  '@biomejs/cli-linux-arm64-musl@2.5.1':
    resolution: {integrity: sha512-WMcvMLgByyTqVxGlq918NBBYliq9FRR9GAQVETHb+VjGVqXCZFfHlZHC1FX4ibuYY/Hg6TJE3rHU0xVrdJXNRw==}
    engines: {node: '>=14.21.3'}
    cpu: [arm64]
    os: [linux]

  '@biomejs/cli-linux-arm64@2.5.1':
    resolution: {integrity: sha512-yhV35CzZh38VyMvTEXi3JTjxZBs++oCKK9KG8vB6VI5+uvQvZNR3BFWEKKzuOmx9DJJj7sQpZ4LQJcmbGTs3+Q==}
    engines: {node: '>=14.21.3'}
    cpu: [arm64]
    os: [linux]

  '@biomejs/cli-linux-x64-musl@2.5.1':
    resolution: {integrity: sha512-ANTowtlLmPYm5yeMckWY8Xzb9Ix+JJP3tgHR/n6xRj1VWyIzzWtfRfih9hv9VmClwadpBvZduISZIbBsIlYG3A==}
    engines: {node: '>=14.21.3'}
    cpu: [x64]
    os: [linux]

  '@biomejs/cli-linux-x64@2.5.1':
    resolution: {integrity: sha512-J/7uHSX7NfoYDI7HijAkd8lnQIOrRb2W7j3X+tw4R+N5ExvXGsyXFiGdQcfcxfOmNQmZVSQOCDk757fwpzqQcg==}
    engines: {node: '>=14.21.3'}
    cpu: [x64]
    os: [linux]

  '@biomejs/cli-win32-arm64@2.5.1':
    resolution: {integrity: sha512-zgXnKNgWPC4iPF7Y1lR3STUeCUuZRpD6IiOrC7TZTlh0Lx6FiVUT05myuMQHQ9D+1cc7uyMldi4forE6lp0ivQ==}
    engines: {node: '>=14.21.3'}
    cpu: [arm64]
    os: [win32]

  '@biomejs/cli-win32-x64@2.5.1':
    resolution: {integrity: sha512-6uxpR9hvaglANkZemeSiN/FhYgkGasrEGn267eXIWvjrjJ2LhDlk251IhjVJq6MXzkV2/bcXwLwSroLyPtqRZg==}
    engines: {node: '>=14.21.3'}
    cpu: [x64]
    os: [win32]

  '@jest/diff-sequences@30.4.0':
    resolution: {integrity: sha512-zOpzlfUs45l6u7jm39qr87JCHUDsaeCtvL+kQe/Vn9jSnRB4/5IPXISm0h9I1vZW/o00Kn4UTJ2MOlhnUGwv3g==}
    engines: {node: ^18.14.0 || ^20.0.0 || ^22.0.0 || >=24.0.0}

  '@jest/expect-utils@30.4.1':
    resolution: {integrity: sha512-ZBn5CglH8fBsQsvs4VWNzD4aWfUYks+IdOOQU3MEK71ol/BcVm+P+rtb1KpiFBpSWSCE27uOahyyf1vfqOVbcQ==}
    engines: {node: ^18.14.0 || ^20.0.0 || ^22.0.0 || >=24.0.0}

  '@jest/get-type@30.1.0':
    resolution: {integrity: sha512-eMbZE2hUnx1WV0pmURZY9XoXPkUYjpc55mb0CrhtdWLtzMQPFvu/rZkTLZFTsdaVQa+Tr4eWAteqcUzoawq/uA==}
    engines: {node: ^18.14.0 || ^20.0.0 || ^22.0.0 || >=24.0.0}

  '@jest/pattern@30.4.0':
    resolution: {integrity: sha512-RAWn3+f9u8BsHijKJ71uHcFp6vmyEt6VvoWXkl6hKF3qVIuWNmudVjg12DlBPGup/frIl5UcUlH5HfEuvHpEXg==}
    engines: {node: ^18.14.0 || ^20.0.0 || ^22.0.0 || >=24.0.0}

  '@jest/schemas@30.4.1':
    resolution: {integrity: sha512-i6b4qw5qnP8c5FEeBJg/uZQ4ddrkN6Ca8qISJh0pr7a5hfn3h3v5x60BEbOC7OYAGZNMs1LfFLwnW2CuK8F57Q==}
    engines: {node: ^18.14.0 || ^20.0.0 || ^22.0.0 || >=24.0.0}

  '@jest/types@30.4.1':
    resolution: {integrity: sha512-f1x/vJXIfjOlEmejYpbkbgw1gOqpPECwMvMEtBqe47j7H2Hg8h8w3o3ikhSXq3MI15kg+oQ0exWO0uCtTNJLoQ==}
    engines: {node: ^18.14.0 || ^20.0.0 || ^22.0.0 || >=24.0.0}

  '@sinclair/typebox@0.34.52':
    resolution: {integrity: sha512-XiMQh7qqVlxZzcVD+kkGMNGMzcTrDMLWI7S4x7z1MkCkbDPrekpZXEUK0eZqZFMuHQg2a2DZOcDIh9o5v3Gonw==}

  '@types/istanbul-lib-coverage@2.0.6':
    resolution: {integrity: sha512-2QF/t/auWm0lsy8XtKVPG19v3sSOQlJe/YHZgfjb/KBBHOGSV+J2q/S671rcq9uTBrLAXmZpqJiaQbMT+zNU1w==}

  '@types/istanbul-lib-report@3.0.3':
    resolution: {integrity: sha512-NQn7AHQnk/RSLOxrBbGyJM/aVQ+pjj5HCgasFxc0K/KhoATfQ/47AyUl15I2yBUpihjmas+a+VJBOqecrFH+uA==}

  '@types/istanbul-reports@3.0.4':
    resolution: {integrity: sha512-pk2B1NWalF9toCRu6gjBzR69syFjP4Od8WRAX+0mmf9lAjCRicLOWc+ZrxZHx/0XRjotgkF9t6iaMJ+aXcOdZQ==}

  '@types/jest@30.0.0':
    resolution: {integrity: sha512-XTYugzhuwqWjws0CVz8QpM36+T+Dz5mTEBKhNs/esGLnCIlGdRy+Dq78NRjd7ls7r8BC8ZRMOrKlkO1hU0JOwA==}

  '@types/node@26.1.1':
    resolution: {integrity: sha512-nxAkRSVkN1Y0JC1W8ky/fTfkGsMmcrRsbx+3XoZE+rMOX71kLYTV7fLXpqud1GpbpP5TuffXFqfX7fH2GgZREw==}

  '@types/stack-utils@2.0.3':
    resolution: {integrity: sha512-9aEbYZ3TbYMznPdcdr3SmIrLXwC/AKZXQeCf9Pgao5CKb8CyHuEX5jzWPTkvregvhRJHcpRO6BFoGW9ycaOkYw==}

  '@types/yargs-parser@21.0.3':
    resolution: {integrity: sha512-I4q9QU9MQv4oEOz4tAHJtNz1cwuLxn2F3xcc2iV5WdqLPpUnj30aUuxt1mAxYTG+oe8CZMV/+6rU4S4gRDzqtQ==}

  '@types/yargs@17.0.35':
    resolution: {integrity: sha512-qUHkeCyQFxMXg79wQfTtfndEC+N9ZZg76HJftDJp+qH2tV7Gj4OJi7l+PiWwJ+pWtW8GwSmqsDj/oymhrTWXjg==}

  ansi-regex@5.0.1:
    resolution: {integrity: sha512-quJQXlTSUGL2LH9SUXo8VwsY4soanhgo6LNSm84E1LBcE8s3O0wpdiRzyR9z/ZZJMlMWv37qOOb9pdJlMUEKFQ==}
    engines: {node: '>=8'}

  ansi-styles@4.3.0:
    resolution: {integrity: sha512-zbB9rCJAT1rbjiVDb2hqKFHNYLxgtk8NURxZ3IZwD3F6NtxbXZQCnnSi1Lkx+IDohdPlFp222wVALIheZJQSEg==}
    engines: {node: '>=8'}

  ansi-styles@5.2.0:
    resolution: {integrity: sha512-Cxwpt2SfTzTtXcfOlzGEee8O+c+MmUgGrNiBcXnuWxuFJHe6a5Hz7qwhwe5OgaSYI0IJvkLqWX1ASG+cJOkEiA==}
    engines: {node: '>=10'}

  chalk@4.1.2:
    resolution: {integrity: sha512-oKnbhFyRIXpUuez8iBMmyEa4nbj4IOQyuhc/wy9kY7/WVPcwIO9VA668Pu8RkO7+0G76SLROeyw9CpQ061i4mA==}
    engines: {node: '>=10'}

  ci-info@4.4.0:
    resolution: {integrity: sha512-77PSwercCZU2Fc4sX94eF8k8Pxte6JAwL4/ICZLFjJLqegs7kCuAsqqj/70NQF6TvDpgFjkubQB2FW2ZZddvQg==}
    engines: {node: '>=8'}

  cliui@8.0.1:
    resolution: {integrity: sha512-BSeNnyus75C4//NQ9gQt1/csTXyo/8Sb+afLAkzAptFuMsod9HFokGNudZpi/oQV73hnVK+sR+5PVRMd+Dr7YQ==}
    engines: {node: '>=12'}

  color-convert@2.0.1:
    resolution: {integrity: sha512-RRECPsj7iu/xb5oKYcsFHSppFNnsj/52OVTRKb4zP5onXwVF3zVmmToNcOfGC+CRDpfK/U584fMg38ZHCaElKQ==}
    engines: {node: '>=7.0.0'}

  color-name@1.1.4:
    resolution: {integrity: sha512-dOy+3AuW3a2wNbZHIuMZpTcgjGuLU/uBL/ubcZF9OXbDo8ff4O8yVp5Bf0efS8uEoYo5q4Fx7dY9OgQGXgAsQA==}

  concurrently@9.2.3:
    resolution: {integrity: sha512-ihjs0E2SxvDgq/MK418hX6YycQgKhsqxpbZuZbHo0yKfqDWdymWMjWYIpCIzqDDLLKClHlXev8whW/8WXmJ0BA==}
    engines: {node: '>=18'}
    hasBin: true

  emoji-regex@8.0.0:
    resolution: {integrity: sha512-MSjYzcWNOA0ewAHpz0MxpYFvwg6yjy1NG3xteoqz644VCo/RPgnr1/GGt+ic3iJTzQ8Eu3TdM14SawnVUmGE6A==}

  escalade@3.2.0:
    resolution: {integrity: sha512-WUj2qlxaQtO4g6Pq5c29GTcWGDyd8itL8zTlipgECz3JesAiiOKotd8JU6otB3PACgG6xkJUyVhboMS+bje/jA==}
    engines: {node: '>=6'}

  escape-string-regexp@2.0.0:
    resolution: {integrity: sha512-UpzcLCXolUWcNu5HtVMHYdXJjArjsF9C0aNnquZYY4uW/Vu0miy5YoWvbV345HauVvcAUnpRuhMMcqTcGOY2+w==}
    engines: {node: '>=8'}

  expect@30.4.1:
    resolution: {integrity: sha512-PMARsyh/JtqC20HoGqlFcIlQAyqUtW4PlI1rup1uhYJtKuwAjbvWi3GQMAn+STdHum/dk8xrKfUM1+5SAwpolA==}
    engines: {node: ^18.14.0 || ^20.0.0 || ^22.0.0 || >=24.0.0}

  get-caller-file@2.0.5:
    resolution: {integrity: sha512-DyFP3BM/3YHTQOCUL/w0OZHR0lpKeGrxotcHWcqNEdnltqFwXVfhEBQ94eIo34AfQpo0rGki4cyIiftY06h2Fg==}
    engines: {node: 6.* || 8.* || >= 10.*}

  graceful-fs@4.2.11:
    resolution: {integrity: sha512-RbJ5/jmFcNNCcDV5o9eTnBLJ/HszWV0P73bc+Ff4nS/rJj+YaS6IGyiOL0VoBYX+l1Wrl3k63h/KrH+nhJ0XvQ==}

  has-flag@4.0.0:
    resolution: {integrity: sha512-EykJT/Q1KjTWctppgIAgfSO0tKVuZUjhgMr17kqTumMl6Afv3EISleU7qZUzoXDFTAHTDC4NOoG/ZxU3EvlMPQ==}
    engines: {node: '>=8'}

  is-fullwidth-code-point@3.0.0:
    resolution: {integrity: sha512-zymm5+u+sCsSWyD9qNaejV3DFvhCKclKdizYaJUuHA83RLjb7nSuGnddCHGv0hk+KY7BMAlsWeK4Ueg6EV6XQg==}
    engines: {node: '>=8'}

  jest-diff@30.4.1:
    resolution: {integrity: sha512-CRpFK0RtLriVDGcPPAnR6HMVI8bSR2jnUIgralhauzYQZIb4RH9AtEInTuQr65LmmGggGcRT6HIASxwqsVsmlA==}
    engines: {node: ^18.14.0 || ^20.0.0 || ^22.0.0 || >=24.0.0}

  jest-matcher-utils@30.4.1:
    resolution: {integrity: sha512-zvYfX5CaeEkFrrLS9suWe9rvJrm9J1Iv3ua8kIBv9GEPzcnsfBf0bob37la7s67fs0nlBC3EuvkOLnXQKxtx4A==}
    engines: {node: ^18.14.0 || ^20.0.0 || ^22.0.0 || >=24.0.0}

  jest-message-util@30.4.1:
    resolution: {integrity: sha512-kwCKIvq0MCW1HzLoGola9Te6JUdzgV0loyKJ3Qghrkz9i5/RRIHsL95BMQc2HBBhlBKC4j22K9p11TGHH8RBpQ==}
    engines: {node: ^18.14.0 || ^20.0.0 || ^22.0.0 || >=24.0.0}

  jest-mock@30.4.1:
    resolution: {integrity: sha512-/i8SVb8/NSB7RfNi8gfqu8gxLV23KaL5EpAttyb9iz8qWRIqXRLflycz/32wXsYkOnaUlx8NAKnJYtpsmXUmfw==}
    engines: {node: ^18.14.0 || ^20.0.0 || ^22.0.0 || >=24.0.0}

  jest-regex-util@30.4.0:
    resolution: {integrity: sha512-mWlvLviKIgIQ8VCuM1xRdD0TWp3zlzionlmDBjuXVBs+VkmXq6FgW9T4Emr7oGz/Rk6feDCGyiugolcQEyp3mg==}
    engines: {node: ^18.14.0 || ^20.0.0 || ^22.0.0 || >=24.0.0}

  jest-util@30.4.1:
    resolution: {integrity: sha512-vjQb1sACEiv13DKJMDToJpzVW0joCsIQrmbg0fi7CyOOt+g9jTuQl2A216pWRBYhOVt53XbL/2LbMKg1BECWOw==}
    engines: {node: ^18.14.0 || ^20.0.0 || ^22.0.0 || >=24.0.0}

  js-tokens@4.0.0:
    resolution: {integrity: sha512-RdJUflcE3cUzKiMqQgsCu06FPu9UdIJO0beYbPhHN4k6apgJtifcoCtT9bcxOpYBtpD2kCM6Sbzg4CausW/PKQ==}

  picocolors@1.1.1:
    resolution: {integrity: sha512-xceH2snhtb5M9liqDsmEw56le376mTZkEX/jEb/RxNFyegNul7eNslCXP9FDj/Lcu0X8KEyMceP2ntpaHrDEVA==}

  picomatch@4.0.5:
    resolution: {integrity: sha512-RvwwcruNjI1ncT5xRakeyS9Lf8lcItv34KD+aif+VH9kduAyfYBipGh12274xtenIPZ119/R9BdTBa8gAwSh0A==}
    engines: {node: '>=12'}

  pretty-format@30.4.1:
    resolution: {integrity: sha512-K6KiKMHTL4jjX4u3Kir2EW07nRfcqVTXIImx50wbjHQTcZPgg+gjVeNTIT3l3L1Rd4UefxfogquC9J37SoFyyw==}
    engines: {node: ^18.14.0 || ^20.0.0 || ^22.0.0 || >=24.0.0}

  react-is@18.3.1:
    resolution: {integrity: sha512-/LLMVyas0ljjAtoYiPqYiL8VWXzUUdThrmU5+n20DZv+a+ClRoevUzw5JxU+Ieh5/c87ytoTBV9G1FiKfNJdmg==}

  react-is@19.2.8:
    resolution: {integrity: sha512-s5un28nYxKJw5gvUHyW5PCC28CvBqLu9r3cWgzHT4Vo/5fqqkFcdRYsGcKf50WMPpjjFZS5d76fn3YCo2njKwQ==}

  require-directory@2.1.1:
    resolution: {integrity: sha512-fGxEI7+wsG9xrvdjsrlmL22OMTTiHRwAMroiEeMgq8gzoLC/PQr7RsRDSTLUg/bZAZtF+TVIkHc6/4RIKrui+Q==}
    engines: {node: '>=0.10.0'}

  rxjs@7.8.2:
    resolution: {integrity: sha512-dhKf903U/PQZY6boNNtAGdWbG85WAbjT/1xYoZIC7FAY0yWapOBQVsVrDl58W86//e1VpMNBtRV4MaXfdMySFA==}

  shell-quote@1.8.4:
    resolution: {integrity: sha512-VsC6n6vz1ihYYyZZwX7YZSF5l5x36ca17OC+a69h94YqB7X6XLwf+5MOgynYir2SLFUbl8gIYvBo8K8RoNQ6bQ==}
    engines: {node: '>= 0.4'}

  slash@3.0.0:
    resolution: {integrity: sha512-g9Q1haeby36OSStwb4ntCGGGaKsaVSjQ68fBxoQcutl5fS1vuY18H3wSt3jFyFtrkx+Kz0V1G85A4MyAdDMi2Q==}
    engines: {node: '>=8'}

  stack-utils@2.0.6:
    resolution: {integrity: sha512-XlkWvfIm6RmsWtNJx+uqtKLS8eqFbxUg0ZzLXqY0caEy9l7hruX8IpiDnjsLavoBgqCCR71TqWO8MaXYheJ3RQ==}
    engines: {node: '>=10'}

  string-width@4.2.3:
    resolution: {integrity: sha512-wKyQRQpjJ0sIp62ErSZdGsjMJWsap5oRNihHhu6G7JVO/9jIB6UyevL+tXuOqrng8j/cxKTWyWUwvSTriiZz/g==}
    engines: {node: '>=8'}

  strip-ansi@6.0.1:
    resolution: {integrity: sha512-Y38VPSHcqkFrCpFnQ9vuSXmquuv5oXOKpGeT6aGrr3o3Gc9AlVa6JBfUSOCnbxGGZF+/0ooI7KrPuUSztUdU5A==}
    engines: {node: '>=8'}

  supports-color@7.2.0:
    resolution: {integrity: sha512-qpCAvRl9stuOHveKsn7HncJRvv501qIacKzQlO/+Lwxc9+0q2wLyv4Dfvt80/DPn2pqOBsJdDiogXGR9+OvwRw==}
    engines: {node: '>=8'}

  supports-color@8.1.1:
    resolution: {integrity: sha512-MpUEN2OodtUzxvKQl72cUF7RQ5EiHsGvSsVG0ia9c5RbWGL2CI4C7EpPS8UTBIplnlzZiNuV56w+FuNxy3ty2Q==}
    engines: {node: '>=10'}

  tree-kill@1.2.2:
    resolution: {integrity: sha512-L0Orpi8qGpRG//Nd+H90vFB+3iHnue1zSSGmNOOCh1GLJ7rUKVwV2HvijphGQS2UmhUZewS9VgvxYIdgr+fG1A==}
    hasBin: true

  tslib@2.8.1:
    resolution: {integrity: sha512-oJFu94HQb+KVduSUQL7wnpmqnfmLsOA/nAh6b6EH0wCEoK0/mPeXU6c3wKDV83MkOuHPRHtSXKKU99IBazS/2w==}

  undici-types@8.3.0:
    resolution: {integrity: sha512-j375ScV60dom+YkPFIfTLcOiPxkN/buHz5GobjLhixFuANaNs3C9l4GmrWqejgXWJ7BbJcFYpTEUkS1Ge8bpZQ==}

  wrap-ansi@7.0.0:
    resolution: {integrity: sha512-YVGIj2kamLSTxw6NsZjoBxfSwsn0ycdesmc4p+Q21c5zPuZ1pl+NfxVdxPtdHvmNVOQ6XSYG4AUtyt/Fi7D16Q==}
    engines: {node: '>=10'}

  y18n@5.0.8:
    resolution: {integrity: sha512-0pfFzegeDWJHJIAmTLRP2DwHjdF5s7jo9tuztdQxAhINCdvS+3nGINqPd00AphqJR/0LhANUS6/+7SCb98YOfA==}
    engines: {node: '>=10'}

  yargs-parser@21.1.1:
    resolution: {integrity: sha512-tVpsJW7DdjecAiFpbIB1e3qxIQsE6NoPc5/eTdrbbIC4h0LVsWhnoa3g+m2HclBIujHzsxZ4VJVA+GUuc2/LBw==}
    engines: {node: '>=12'}

  yargs@17.7.2:
    resolution: {integrity: sha512-7dSzzRQ++CKnNI/krKnYRV7JKKPUXMEh61soaHKg9mrWEhzFWhFnxPxGl+69cD1Ou63C13NUPCnmIcrvqCuM6w==}
    engines: {node: '>=12'}

snapshots:

  '@babel/code-frame@7.29.7':
    dependencies:
      '@babel/helper-validator-identifier': 7.29.7
      js-tokens: 4.0.0
      picocolors: 1.1.1

  '@babel/helper-validator-identifier@7.29.7': {}

  '@biomejs/biome@2.5.1':
    optionalDependencies:
      '@biomejs/cli-darwin-arm64': 2.5.1
      '@biomejs/cli-darwin-x64': 2.5.1
      '@biomejs/cli-linux-arm64': 2.5.1
      '@biomejs/cli-linux-arm64-musl': 2.5.1
      '@biomejs/cli-linux-x64': 2.5.1
      '@biomejs/cli-linux-x64-musl': 2.5.1
      '@biomejs/cli-win32-arm64': 2.5.1
      '@biomejs/cli-win32-x64': 2.5.1

  '@biomejs/cli-darwin-arm64@2.5.1':
    optional: true

  '@biomejs/cli-darwin-x64@2.5.1':
    optional: true

  '@biomejs/cli-linux-arm64-musl@2.5.1':
    optional: true

  '@biomejs/cli-linux-arm64@2.5.1':
    optional: true

  '@biomejs/cli-linux-x64-musl@2.5.1':
    optional: true

  '@biomejs/cli-linux-x64@2.5.1':
    optional: true

  '@biomejs/cli-win32-arm64@2.5.1':
    optional: true

  '@biomejs/cli-win32-x64@2.5.1':
    optional: true

  '@jest/diff-sequences@30.4.0': {}

  '@jest/expect-utils@30.4.1':
    dependencies:
      '@jest/get-type': 30.1.0

  '@jest/get-type@30.1.0': {}

  '@jest/pattern@30.4.0':
    dependencies:
      '@types/node': 26.1.1
      jest-regex-util: 30.4.0

  '@jest/schemas@30.4.1':
    dependencies:
      '@sinclair/typebox': 0.34.52

  '@jest/types@30.4.1':
    dependencies:
      '@jest/pattern': 30.4.0
      '@jest/schemas': 30.4.1
      '@types/istanbul-lib-coverage': 2.0.6
      '@types/istanbul-reports': 3.0.4
      '@types/node': 26.1.1
      '@types/yargs': 17.0.35
      chalk: 4.1.2

  '@sinclair/typebox@0.34.52': {}

  '@types/istanbul-lib-coverage@2.0.6': {}

  '@types/istanbul-lib-report@3.0.3':
    dependencies:
      '@types/istanbul-lib-coverage': 2.0.6

  '@types/istanbul-reports@3.0.4':
    dependencies:
      '@types/istanbul-lib-report': 3.0.3

  '@types/jest@30.0.0':
    dependencies:
      expect: 30.4.1
      pretty-format: 30.4.1

  '@types/node@26.1.1':
    dependencies:
      undici-types: 8.3.0

  '@types/stack-utils@2.0.3': {}

  '@types/yargs-parser@21.0.3': {}

  '@types/yargs@17.0.35':
    dependencies:
      '@types/yargs-parser': 21.0.3

  ansi-regex@5.0.1: {}

  ansi-styles@4.3.0:
    dependencies:
      color-convert: 2.0.1

  ansi-styles@5.2.0: {}

  chalk@4.1.2:
    dependencies:
      ansi-styles: 4.3.0
      supports-color: 7.2.0

  ci-info@4.4.0: {}

  cliui@8.0.1:
    dependencies:
      string-width: 4.2.3
      strip-ansi: 6.0.1
      wrap-ansi: 7.0.0

  color-convert@2.0.1:
    dependencies:
      color-name: 1.1.4

  color-name@1.1.4: {}

  concurrently@9.2.3:
    dependencies:
      chalk: 4.1.2
      rxjs: 7.8.2
      shell-quote: 1.8.4
      supports-color: 8.1.1
      tree-kill: 1.2.2
      yargs: 17.7.2

  emoji-regex@8.0.0: {}

  escalade@3.2.0: {}

  escape-string-regexp@2.0.0: {}

  expect@30.4.1:
    dependencies:
      '@jest/expect-utils': 30.4.1
      '@jest/get-type': 30.1.0
      jest-matcher-utils: 30.4.1
      jest-message-util: 30.4.1
      jest-mock: 30.4.1
      jest-util: 30.4.1

  get-caller-file@2.0.5: {}

  graceful-fs@4.2.11: {}

  has-flag@4.0.0: {}

  is-fullwidth-code-point@3.0.0: {}

  jest-diff@30.4.1:
    dependencies:
      '@jest/diff-sequences': 30.4.0
      '@jest/get-type': 30.1.0
      chalk: 4.1.2
      pretty-format: 30.4.1

  jest-matcher-utils@30.4.1:
    dependencies:
      '@jest/get-type': 30.1.0
      chalk: 4.1.2
      jest-diff: 30.4.1
      pretty-format: 30.4.1

  jest-message-util@30.4.1:
    dependencies:
      '@babel/code-frame': 7.29.7
      '@jest/types': 30.4.1
      '@types/stack-utils': 2.0.3
      chalk: 4.1.2
      graceful-fs: 4.2.11
      jest-util: 30.4.1
      picomatch: 4.0.5
      pretty-format: 30.4.1
      slash: 3.0.0
      stack-utils: 2.0.6

  jest-mock@30.4.1:
    dependencies:
      '@jest/types': 30.4.1
      '@types/node': 26.1.1
      jest-util: 30.4.1

  jest-regex-util@30.4.0: {}

  jest-util@30.4.1:
    dependencies:
      '@jest/types': 30.4.1
      '@types/node': 26.1.1
      chalk: 4.1.2
      ci-info: 4.4.0
      graceful-fs: 4.2.11
      picomatch: 4.0.5

  js-tokens@4.0.0: {}

  picocolors@1.1.1: {}

  picomatch@4.0.5: {}

  pretty-format@30.4.1:
    dependencies:
      '@jest/schemas': 30.4.1
      ansi-styles: 5.2.0
      react-is-18: react-is@18.3.1
      react-is-19: react-is@19.2.8

  react-is@18.3.1: {}

  react-is@19.2.8: {}

  require-directory@2.1.1: {}

  rxjs@7.8.2:
    dependencies:
      tslib: 2.8.1

  shell-quote@1.8.4: {}

  slash@3.0.0: {}

  stack-utils@2.0.6:
    dependencies:
      escape-string-regexp: 2.0.0

  string-width@4.2.3:
    dependencies:
      emoji-regex: 8.0.0
      is-fullwidth-code-point: 3.0.0
      strip-ansi: 6.0.1

  strip-ansi@6.0.1:
    dependencies:
      ansi-regex: 5.0.1

  supports-color@7.2.0:
    dependencies:
      has-flag: 4.0.0

  supports-color@8.1.1:
    dependencies:
      has-flag: 4.0.0

  tree-kill@1.2.2: {}

  tslib@2.8.1: {}

  undici-types@8.3.0: {}

  wrap-ansi@7.0.0:
    dependencies:
      ansi-styles: 4.3.0
      string-width: 4.2.3
      strip-ansi: 6.0.1

  y18n@5.0.8: {}

  yargs-parser@21.1.1: {}

  yargs@17.7.2:
    dependencies:
      cliui: 8.0.1
      escalade: 3.2.0
      get-caller-file: 2.0.5
      require-directory: 2.1.1
      string-width: 4.2.3
      y18n: 5.0.8
      yargs-parser: 21.1.1
